# This file is automatically @generated by Cargo.
# It is not intended for manual editing.
version = 3

[[package]]
name = "aoc20-bin"
version = "0.1.0"
dependencies = [
 "aoc20-lib",
]

[[package]]
name = "aoc20-lib"
version = "0.1.0"

[[package]]
name = "aoc21-bin"
version = "0.1.0"
dependencies = [
 "aoc21-lib",
]

[[package]]
name = "aoc21-lib"
version = "0.1.0"
